// !$*UTF8*$!
{
	archiveVersion = 1;
	classes = {
	};
	objectVersion = 55;
	objects = {

/* Begin PBXBuildFile section */
		F197C01E2761E93000668977 /* AppDelegate.swift in Sources */ = {isa = PBXBuildFile; fileRef = F197C01D2761E93000668977 /* AppDelegate.swift */; };
		F197C0202761E93000668977 /* SceneDelegate.swift in Sources */ = {isa = PBXBuildFile; fileRef = F197C01F2761E93000668977 /* SceneDelegate.swift */; };
		F197C0222761E93000668977 /* ViewController.swift in Sources */ = {isa = PBXBuildFile; fileRef = F197C0212761E93000668977 /* ViewController.swift */; };
		F197C0252761E93000668977 /* Main.storyboard in Resources */ = {isa = PBXBuildFile; fileRef = F197C0232761E93000668977 /* Main.storyboard */; };
		F197C0272761E93300668977 /* Assets.xcassets in Resources */ = {isa = PBXBuildFile; fileRef = F197C0262761E93300668977 /* Assets.xcassets */; };
		F197C02A2761E93300668977 /* LaunchScreen.storyboard in Resources */ = {isa = PBXBuildFile; fileRef = F197C0282761E93300668977 /* LaunchScreen.storyboard */; };
		F197C0352761E93300668977 /* PreworkTests.swift in Sources */ = {isa = PBXBuildFile; fileRef = F197C0342761E93300668977 /* PreworkTests.swift */; };
		F197C03F2761E93400668977 /* PreworkUITests.swift in Sources */ = {isa = PBXBuildFile; fileRef = F197C03E2761E93400668977 /* PreworkUITests.swift */; };
		F197C0412761E93400668977 /* PreworkUITestsLaunchTests.swift in Sources */ = {isa = PBXBuildFile; fileRef = F197C0402761E93400668977 /* PreworkUITestsLaunchTests.swift */; };
		F197C04E2763483400668977 /* SettingsViewController.swift in Sources */ = {isa = PBXBuildFile; fileRef = F197C04D2763483400668977 /* SettingsViewController.swift */; };
/* End PBXBuildFile section */

/* Begin PBXContainerItemProxy section */
		F197C0312761E93300668977 /* PBXContainerItemProxy */ = {
			isa = PBXContainerItemProxy;
			containerPortal = F197C0122761E93000668977 /* Project object */;
			proxyType = 1;
			remoteGlobalIDString = F197C0192761E93000668977;
			remoteInfo = Prework;
		};
		F197C03B2761E93400668977 /* PBXContainerItemProxy */ = {
			isa = PBXContainerItemProxy;
			containerPortal = F197C0122761E93000668977 /* Project object */;
			proxyType = 1;
			remoteGlobalIDString = F197C0192761E93000668977;
			remoteInfo = Prework;
		};
/* End PBXContainerItemProxy section */

/* Begin PBXFileReference section */
		F197C01A2761E93000668977 /* Prework.app */ = {isa = PBXFileReference; explicitFileType = wrapper.application; includeInIndex = 0; path = Prework.app; sourceTree = BUILT_PRODUCTS_DIR; };
		F197C01D2761E93000668977 /* AppDelegate.swift */ = {isa = PBXFileReference; lastKnownFileType = sourcecode.swift; path = AppDelegate.swift; sourceTree = "<group>"; };
		F197C01F2761E93000668977 /* SceneDelegate.swift */ = {isa = PBXFileReference; lastKnownFileType = sourcecode.swift; path = SceneDelegate.swift; sourceTree = "<group>"; };
		F197C0212761E93000668977 /* ViewController.swift */ = {isa = PBXFileReference; lastKnownFileType = sourcecode.swift; path = ViewController.swift; sourceTree = "<group>"; };
		F197C0242761E93000668977 /* Base */ = {isa = PBXFileReference; lastKnownFileType = file.storyboard; name = Base; path = Base.lproj/Main.storyboard; sourceTree = "<group>"; };
		F197C0262761E93300668977 /* Assets.xcassets */ = {isa = PBXFileReference; lastKnownFileType = folder.assetcatalog; path = Assets.xcassets; sourceTree = "<group>"; };
		F197C0292761E93300668977 /* Base */ = {isa = PBXFileReference; lastKnownFileType = file.storyboard; name = Base; path = Base.lproj/LaunchScreen.storyboard; sourceTree = "<group>"; };
		F197C02B2761E93300668977 /* Info.plist */ = {isa = PBXFileReference; lastKnownFileType = text.plist.xml; path = Info.plist; sourceTree = "<group>"; };
		F197C0302761E93300668977 /* PreworkTests.xctest */ = {isa = PBXFileReference; explicitFileType = wrapper.cfbundle; includeInIndex = 0; path = PreworkTests.xctest; sourceTree = BUILT_PRODUCTS_DIR; };
		F197C0342761E93300668977 /* PreworkTests.swift */ = {isa = PBXFileReference; lastKnownFileType = sourcecode.swift; path = PreworkTests.swift; sourceTree = "<group>"; };
		F197C03A2761E93400668977 /* PreworkUITests.xctest */ = {isa = PBXFileReference; explicitFileType = wrapper.cfbundle; includeInIndex = 0; path = PreworkUITests.xctest; sourceTree = BUILT_PRODUCTS_DIR; };
		F197C03E2761E93400668977 /* PreworkUITests.swift */ = {isa = PBXFileReference; lastKnownFileType = sourcecode.swift; path = PreworkUITests.swift; sourceTree = "<group>"; };
		F197C0402761E93400668977 /* PreworkUITestsLaunchTests.swift */ = {isa = PBXFileReference; lastKnownFileType = sourcecode.swift; path = PreworkUITestsLaunchTests.swift; sourceTree = "<group>"; };
		F197C04D2763483400668977 /* SettingsViewController.swift */ = {isa = PBXFileReference; lastKnownFileType = sourcecode.swift; path = SettingsViewController.swift; sourceTree = "<group>"; };
/* End PBXFileReference section */

/* Begin PBXFrameworksBuildPhase section */
		F197C0172761E93000668977 /* Frameworks */ = {
			isa = PBXFrameworksBuildPhase;
			buildActionMask = 2147483647;
			files = (
			);
			runOnlyForDeploymentPostprocessing = 0;
		};
		F197C02D2761E93300668977 /* Frameworks */ = {
			isa = PBXFrameworksBuildPhase;
			buildActionMask = 2147483647;
			files = (
			);
			runOnlyForDeploymentPostprocessing = 0;
		};
		F197C0372761E93400668977 /* Frameworks */ = {
			isa = PBXFrameworksBuildPhase;
			buildActionMask = 2147483647;
			files = (
			);
			runOnlyForDeploymentPostprocessing = 0;
		};
/* End PBXFrameworksBuildPhase section */

/* Begin PBXGroup section */
		F197C0112761E93000668977 = {
			isa = PBXGroup;
			children = (
				F197C01C2761E93000668977 /* Prework */,
				F197C0332761E93300668977 /* PreworkTests */,
				F197C03D2761E93400668977 /* PreworkUITests */,
				F197C01B2761E93000668977 /* Products */,
			);
			sourceTree = "<group>";
		};
		F197C01B2761E93000668977 /* Products */ = {
			isa = PBXGroup;
			children = (
				F197C01A2761E93000668977 /* Prework.app */,
				F197C0302761E93300668977 /* PreworkTests.xctest */,
				F197C03A2761E93400668977 /* PreworkUITests.xctest */,
			);
			name = Products;
			sourceTree = "<group>";
		};
		F197C01C2761E93000668977 /* Prework */ = {
			isa = PBXGroup;
			children = (
				F197C01D2761E93000668977 /* AppDelegate.swift */,
				F197C01F2761E93000668977 /* SceneDelegate.swift */,
				F197C0212761E93000668977 /* ViewController.swift */,
				F197C0232761E93000668977 /* Main.storyboard */,
				F197C04D2763483400668977 /* SettingsViewController.swift */,
				F197C0262761E93300668977 /* Assets.xcassets */,
				F197C0282761E93300668977 /* LaunchScreen.storyboard */,
				F197C02B2761E93300668977 /* Info.plist */,
			);
			path = Prework;
			sourceTree = "<group>";
		};
		F197C0332761E93300668977 /* PreworkTests */ = {
			isa = PBXGroup;
			children = (
				F197C0342761E93300668977 /* PreworkTests.swift */,
			);
			path = PreworkTests;
			sourceTree = "<group>";
		};
		F197C03D2761E93400668977 /* PreworkUITests */ = {
			isa = PBXGroup;
			children = (
				F197C03E2761E93400668977 /* PreworkUITests.swift */,
				F197C0402761E93400668977 /* PreworkUITestsLaunchTests.swift */,
			);
			path = PreworkUITests;
			sourceTree = "<group>";
		};
/* End PBXGroup section */

/* Begin PBXNativeTarget section */
		F197C0192761E93000668977 /* Prework */ = {
			isa = PBXNativeTarget;
			buildConfigurationList = F197C0442761E93400668977 /* Build configuration list for PBXNativeTarget "Prework" */;
			buildPhases = (
				F197C0162761E93000668977 /* Sources */,
				F197C0172761E93000668977 /* Frameworks */,
				F197C0182761E93000668977 /* Resources */,
			);
			buildRules = (
			);
			dependencies = (
			);
			name = Prework;
			productName = Prework;
			productReference = F197C01A2761E93000668977 /* Prework.app */;
			productType = "com.apple.product-type.application";
		};
		F197C02F2761E93300668977 /* PreworkTests */ = {
			isa = PBXNativeTarget;
			buildConfigurationList = F197C0472761E93400668977 /* Build configuration list for PBXNativeTarget "PreworkTests" */;
			buildPhases = (
				F197C02C2761E93300668977 /* Sources */,
				F197C02D2761E93300668977 /* Frameworks */,
				F197C02E2761E93300668977 /* Resources */,
			);
			buildRules = (
			);
			dependencies = (
				F197C0322761E93300668977 /* PBXTargetDependency */,
			);
			name = PreworkTests;
			productName = PreworkTests;
			productReference = F197C0302761E93300668977 /* PreworkTests.xctest */;
			productType = "com.apple.product-type.bundle.unit-test";
		};
		F197C0392761E93400668977 /* PreworkUITests */ = {
			isa = PBXNativeTarget;
			buildConfigurationList = F197C04A2761E93400668977 /* Build configuration list for PBXNativeTarget "PreworkUITests" */;
			buildPhases = (
				F197C0362761E93400668977 /* Sources */,
				F197C0372761E93400668977 /* Frameworks */,
				F197C0382761E93400668977 /* Resources */,
			);
			buildRules = (
			);
			dependencies = (
				F197C03C2761E93400668977 /* PBXTargetDependency */,
			);
			name = PreworkUITests;
			productName = PreworkUITests;
			productReference = F197C03A2761E93400668977 /* PreworkUITests.xctest */;
			productType = "com.apple.product-type.bundle.ui-testing";
		};
/* End PBXNativeTarget section */

/* Begin PBXProject section */
		F197C0122761E93000668977 /* Project object */ = {
			isa = PBXProject;
			attributes = {
				BuildIndependentTargetsInParallel = 1;
				LastSwiftUpdateCheck = 1310;
				LastUpgradeCheck = 1310;
				TargetAttributes = {
					F197C0192761E93000668977 = {
						CreatedOnToolsVersion = 13.1;
					};
					F197C02F2761E93300668977 = {
						CreatedOnToolsVersion = 13.1;
						TestTargetID = F197C0192761E93000668977;
					};
					F197C0392761E93400668977 = {
						CreatedOnToolsVersion = 13.1;
						TestTargetID = F197C0192761E93000668977;
					};
				};
			};
			buildConfigurationList = F197C0152761E93000668977 /* Build configuration list for PBXProject "Prework" */;
			compatibilityVersion = "Xcode 13.0";
			developmentRegion = en;
			hasScannedForEncodings = 0;
			knownRegions = (
				en,
				Base,
			);
			mainGroup = F197C0112761E93000668977;
			productRefGroup = F197C01B2761E93000668977 /* Products */;
			projectDirPath = "";
			projectRoot = "";
			targets = (
				F197C0192761E93000668977 /* Prework */,
				F197C02F2761E93300668977 /* PreworkTests */,
				F197C0392761E93400668977 /* PreworkUITests */,
			);
		};
/* End PBXProject section */

/* Begin PBXResourcesBuildPhase section */
		F197C0182761E93000668977 /* Resources */ = {
			isa = PBXResourcesBuildPhase;
			buildActionMask = 2147483647;
			files = (
				F197C02A2761E93300668977 /* LaunchScreen.storyboard in Resources */,
				F197C0272761E93300668977 /* Assets.xcassets in Resources */,
				F197C0252761E93000668977 /* Main.storyboard in Resources */,
			);
			runOnlyForDeploymentPostprocessing = 0;
		};
		F197C02E2761E93300668977 /* Resources */ = {
			isa = PBXResourcesBuildPhase;
			buildActionMask = 2147483647;
			files = (
			);
			runOnlyForDeploymentPostprocessing = 0;
		};
		F197C0382761E93400668977 /* Resources */ = {
			isa = PBXResourcesBuildPhase;
			buildActionMask = 2147483647;
			files = (
			);
			runOnlyForDeploymentPostprocessing = 0;
		};
/* End PBXResourcesBuildPhase section */

/* Begin PBXSourcesBuildPhase section */
		F197C0162761E93000668977 /* Sources */ = {
			isa = PBXSourcesBuildPhase;
			buildActionMask = 2147483647;
			files = (
				F197C0222761E93000668977 /* ViewController.swift in Sources */,
				F197C01E2761E93000668977 /* AppDelegate.swift in Sources */,
				F197C0202761E93000668977 /* SceneDelegate.swift in Sources */,
				F197C04E2763483400668977 /* SettingsViewController.swift in Sources */,
			);
			runOnlyForDeploymentPostprocessing = 0;
		};
		F197C02C2761E93300668977 /* Sources */ = {
			isa = PBXSourcesBuildPhase;
			buildActionMask = 2147483647;
			files = (
				F197C0352761E93300668977 /* PreworkTests.swift in Sources */,
			);
			runOnlyForDeploymentPostprocessing = 0;
		};
		F197C0362761E93400668977 /* Sources */ = {
			isa = PBXSourcesBuildPhase;
			buildActionMask = 2147483647;
			files = (
				F197C03F2761E93400668977 /* PreworkUITests.swift in Sources */,
				F197C0412761E93400668977 /* PreworkUITestsLaunchTests.swift in Sources */,
			);
			runOnlyForDeploymentPostprocessing = 0;
		};
/* End PBXSourcesBuildPhase section */

/* Begin PBXTargetDependency section */
		F197C0322761E93300668977 /* PBXTargetDependency */ = {
			isa = PBXTargetDependency;
			target = F197C0192761E93000668977 /* Prework */;
			targetProxy = F197C0312761E93300668977 /* PBXContainerItemProxy */;
		};
		F197C03C2761E93400668977 /* PBXTargetDependency */ = {
			isa = PBXTargetDependency;
			target = F197C0192761E93000668977 /* Prework */;
			targetProxy = F197C03B2761E93400668977 /* PBXContainerItemProxy */;
		};
/* End PBXTargetDependency section */

/* Begin PBXVariantGroup section */
		F197C0232761E93000668977 /* Main.storyboard */ = {
			isa = PBXVariantGroup;
			children = (
				F197C0242761E93000668977 /* Base */,
			);
			name = Main.storyboard;
			sourceTree = "<group>";
		};
		F197C0282761E93300668977 /* LaunchScreen.storyboard */ = {
			isa = PBXVariantGroup;
			children = (
				F197C0292761E93300668977 /* Base */,
			);
			name = LaunchScreen.storyboard;
			sourceTree = "<group>";
		};
/* End PBXVariantGroup section */

/* Begin XCBuildConfiguration section */
		F197C0422761E93400668977 /* Debug */ = {
			isa = XCBuildConfiguration;
			buildSettings = {
				ALWAYS_SEARCH_USER_PATHS = NO;
				CLANG_ANALYZER_NONNULL = YES;
				CLANG_ANALYZER_NUMBER_OBJECT_CONVERSION = YES_AGGRESSIVE;
				CLANG_CXX_LANGUAGE_STANDARD = "gnu++17";
				CLANG_CXX_LIBRARY = "libc++";
				CLANG_ENABLE_MODULES = YES;
				CLANG_ENABLE_OBJC_ARC = YES;
				CLANG_ENABLE_OBJC_WEAK = YES;
				CLANG_WARN_BLOCK_CAPTURE_AUTORELEASING = YES;
				CLANG_WARN_BOOL_CONVERSION = YES;
				CLANG_WARN_COMMA = YES;
				CLANG_WARN_CONSTANT_CONVERSION = YES;
				CLANG_WARN_DEPRECATED_OBJC_IMPLEMENTATIONS = YES;
				CLANG_WARN_DIRECT_OBJC_ISA_USAGE = YES_ERROR;
				CLANG_WARN_DOCUMENTATION_COMMENTS = YES;
				CLANG_WARN_EMPTY_BODY = YES;
				CLANG_WARN_ENUM_CONVERSION = YES;
				CLANG_WARN_INFINITE_RECURSION = YES;
				CLANG_WARN_INT_CONVERSION = YES;
				CLANG_WARN_NON_LITERAL_NULL_CONVERSION = YES;
				CLANG_WARN_OBJC_IMPLICIT_RETAIN_SELF = YES;
				CLANG_WARN_OBJC_LITERAL_CONVERSION = YES;
				CLANG_WARN_OBJC_ROOT_CLASS = YES_ERROR;
				CLANG_WARN_QUOTED_INCLUDE_IN_FRAMEWORK_HEADER = YES;
				CLANG_WARN_RANGE_LOOP_ANALYSIS = YES;
				CLANG_WARN_STRICT_PROTOTYPES = YES;
				CLANG_WARN_SUSPICIOUS_MOVE = YES;
				CLANG_WARN_UNGUARDED_AVAILABILITY = YES_AGGRESSIVE;
				CLANG_WARN_UNREACHABLE_CODE = YES;
				CLANG_WARN__DUPLICATE_METHOD_MATCH = YES;
				COPY_PHASE_STRIP = NO;
				DEBUG_INFORMATION_FORMAT = dwarf;
				ENABLE_STRICT_OBJC_MSGSEND = YES;
				ENABLE_TESTABILITY = YES;
				GCC_C_LANGUAGE_STANDARD = gnu11;
				GCC_DYNAMIC_NO_PIC = NO;
				GCC_NO_COMMON_BLOCKS = YES;
				GCC_OPTIMIZATION_LEVEL = 0;
				GCC_PREPROCESSOR_DEFINITIONS = (
					"DEBUG=1",
					"$(inherited)",
				);
				GCC_WARN_64_TO_32_BIT_CONVERSION = YES;
				GCC_WARN_ABOUT_RETURN_TYPE = YES_ERROR;
				GCC_WARN_UNDECLARED_SELECTOR = YES;
				GCC_WARN_UNINITIALIZED_AUTOS = YES_AGGRESSIVE;
				GCC_WARN_UNUSED_FUNCTION = YES;
				GCC_WARN_UNUSED_VARIABLE = YES;
				IPHONEOS_DEPLOYMENT_TARGET = 15.0;
				MTL_ENABLE_DEBUG_INFO = INCLUDE_SOURCE;
				MTL_FAST_MATH = YES;
				ONLY_ACTIVE_ARCH = YES;
				SDKROOT = iphoneos;
				SWIFT_ACTIVE_COMPILATION_CONDITIONS = DEBUG;
				SWIFT_OPTIMIZATION_LEVEL = "-Onone";
			};
			name = Debug;
		};
		F197C0432761E93400668977 /* Release */ = {
			isa = XCBuildConfiguration;
			buildSettings = {
				ALWAYS_SEARCH_USER_PATHS = NO;
				CLANG_ANALYZER_NONNULL = YES;
				CLANG_ANALYZER_NUMBER_OBJECT_CONVERSION = YES_AGGRESSIVE;
				CLANG_CXX_LANGUAGE_STANDARD = "gnu++17";
				CLANG_CXX_LIBRARY = "libc++";
				CLANG_ENABLE_MODULES = YES;
				CLANG_ENABLE_OBJC_ARC = YES;
				CLANG_ENABLE_OBJC_WEAK = YES;
				CLANG_WARN_BLOCK_CAPTURE_AUTORELEASING = YES;
				CLANG_WARN_BOOL_CONVERSION = YES;
				CLANG_WARN_COMMA = YES;
				CLANG_WARN_CONSTANT_CONVERSION = YES;
				CLANG_WARN_DEPRECATED_OBJC_IMPLEMENTATIONS = YES;
				CLANG_WARN_DIRECT_OBJC_ISA_USAGE = YES_ERROR;
				CLANG_WARN_DOCUMENTATION_COMMENTS = YES;
				CLANG_WARN_EMPTY_BODY = YES;
				CLANG_WARN_ENUM_CONVERSION = YES;
				CLANG_WARN_INFINITE_RECURSION = YES;
				CLANG_WARN_INT_CONVERSION = YES;
				CLANG_WARN_NON_LITERAL_NULL_CONVERSION = YES;
				CLANG_WARN_OBJC_IMPLICIT_RETAIN_SELF = YES;
				CLANG_WARN_OBJC_LITERAL_CONVERSION = YES;
				CLANG_WARN_OBJC_ROOT_CLASS = YES_ERROR;
				CLANG_WARN_QUOTED_INCLUDE_IN_FRAMEWORK_HEADER = YES;
				CLANG_WARN_RANGE_LOOP_ANALYSIS = YES;
				CLANG_WARN_STRICT_PROTOTYPES = YES;
				CLANG_WARN_SUSPICIOUS_MOVE = YES;
				CLANG_WARN_UNGUARDED_AVAILABILITY = YES_AGGRESSIVE;
				CLANG_WARN_UNREACHABLE_CODE = YES;
				CLANG_WARN__DUPLICATE_METHOD_MATCH = YES;
				COPY_PHASE_STRIP = NO;
				DEBUG_INFORMATION_FORMAT = "dwarf-with-dsym";
				ENABLE_NS_ASSERTIONS = NO;
				ENABLE_STRICT_OBJC_MSGSEND = YES;
				GCC_C_LANGUAGE_STANDARD = gnu11;
				GCC_NO_COMMON_BLOCKS = YES;
				GCC_WARN_64_TO_32_BIT_CONVERSION = YES;
				GCC_WARN_ABOUT_RETURN_TYPE = YES_ERROR;
				GCC_WARN_UNDECLARED_SELECTOR = YES;
				GCC_WARN_UNINITIALIZED_AUTOS = YES_AGGRESSIVE;
				GCC_WARN_UNUSED_FUNCTION = YES;
				GCC_WARN_UNUSED_VARIABLE = YES;
				IPHONEOS_DEPLOYMENT_TARGET = 15.0;
				MTL_ENABLE_DEBUG_INFO = NO;
				MTL_FAST_MATH = YES;
				SDKROOT = iphoneos;
				SWIFT_COMPILATION_MODE = wholemodule;
				SWIFT_OPTIMIZATION_LEVEL = "-O";
				VALIDATE_PRODUCT = YES;
			};
			name = Release;
		};
		F197C0452761E93400668977 /* Debug */ = {
			isa = XCBuildConfiguration;
			buildSettings = {
				ASSETCATALOG_COMPILER_APPICON_NAME = AppIcon;
				ASSETCATALOG_COMPILER_GLOBAL_ACCENT_COLOR_NAME = AccentColor;
				CODE_SIGN_STYLE = Automatic;
				CURRENT_PROJECT_VERSION = 1;
				GENERATE_INFOPLIST_FILE = YES;
				INFOPLIST_FILE = Prework/Info.plist;
				INFOPLIST_KEY_UIApplicationSupportsIndirectInputEvents = YES;
				INFOPLIST_KEY_UILaunchStoryboardName = LaunchScreen;
				INFOPLIST_KEY_UIMainStoryboardFile = Main;
				INFOPLIST_KEY_UISupportedInterfaceOrientations_iPad = "UIInterfaceOrientationPortrait UIInterfaceOrientationPortraitUpsideDown UIInterfaceOrientationLandscapeLeft UIInterfaceOrientationLandscapeRight";
				INFOPLIST_KEY_UISupportedInterfaceOrientations_iPhone = "UIInterfaceOrientationPortrait UIInterfaceOrientationLandscapeLeft UIInterfaceOrientationLandscapeRight";
				LD_RUNPATH_SEARCH_PATHS = (
					"$(inherited)",
					"@executable_path/Frameworks",
				);
				MARKETING_VERSION = 1.0;
				PRODUCT_BUNDLE_IDENTIFIER = danielmilton.com.Prework;
				PRODUCT_NAME = "$(TARGET_NAME)";
				SWIFT_EMIT_LOC_STRINGS = YES;
				SWIFT_VERSION = 5.0;
				TARGETED_DEVICE_FAMILY = "1,2";
			};
			name = Debug;
		};
		F197C0462761E93400668977 /* Release */ = {
			isa = XCBuildConfiguration;
			buildSettings = {
				ASSETCATALOG_COMPILER_APPICON_NAME = AppIcon;
				ASSETCATALOG_COMPILER_GLOBAL_ACCENT_COLOR_NAME = AccentColor;
				CODE_SIGN_STYLE = Automatic;
				CURRENT_PROJECT_VERSION = 1;
				GENERATE_INFOPLIST_FILE = YES;
				INFOPLIST_FILE = Prework/Info.plist;
				INFOPLIST_KEY_UIApplicationSupportsIndirectInputEvents = YES;
				INFOPLIST_KEY_UILaunchStoryboardName = LaunchScreen;
				INFOPLIST_KEY_UIMainStoryboardFile = Main;
				INFOPLIST_KEY_UISupportedInterfaceOrientations_iPad = "UIInterfaceOrientationPortrait UIInterfaceOrientationPortraitUpsideDown UIInterfaceOrientationLandscapeLeft UIInterfaceOrientationLandscapeRight";
				INFOPLIST_KEY_UISupportedInterfaceOrientations_iPhone = "UIInterfaceOrientationPortrait UIInterfaceOrientationLandscapeLeft UIInterfaceOrientationLandscapeRight";
				LD_RUNPATH_SEARCH_PATHS = (
					"$(inherited)",
					"@executable_path/Frameworks",
				);
				MARKETING_VERSION = 1.0;
				PRODUCT_BUNDLE_IDENTIFIER = danielmilton.com.Prework;
				PRODUCT_NAME = "$(TARGET_NAME)";
				SWIFT_EMIT_LOC_STRINGS = YES;
				SWIFT_VERSION = 5.0;
				TARGETED_DEVICE_FAMILY = "1,2";
			};
			name = Release;
		};
		F197C0482761E93400668977 /* Debug */ = {
			isa = XCBuildConfiguration;
			buildSettings = {
				ALWAYS_EMBED_SWIFT_STANDARD_LIBRARIES = YES;
				BUNDLE_LOADER = "$(TEST_HOST)";
				CODE_SIGN_STYLE = Automatic;
				CURRENT_PROJECT_VERSION = 1;
				GENERATE_INFOPLIST_FILE = YES;
				IPHONEOS_DEPLOYMENT_TARGET = 15.0;
				LD_RUNPATH_SEARCH_PATHS = (
					"$(inherited)",
					"@executable_path/Frameworks",
					"@loader_path/Frameworks",
				);
				MARKETING_VERSION = 1.0;
				PRODUCT_BUNDLE_IDENTIFIER = danielmilton.com.PreworkTests;
				PRODUCT_NAME = "$(TARGET_NAME)";
				SWIFT_EMIT_LOC_STRINGS = NO;
				SWIFT_VERSION = 5.0;
				TARGETED_DEVICE_FAMILY = "1,2";
				TEST_HOST = "$(BUILT_PRODUCTS_DIR)/Prework.app/Prework";
			};
			name = Debug;
		};
		F197C0492761E93400668977 /* Release */ = {
			isa = XCBuildConfiguration;
			buildSettings = {
				ALWAYS_EMBED_SWIFT_STANDARD_LIBRARIES = YES;
				BUNDLE_LOADER = "$(TEST_HOST)";
				CODE_SIGN_STYLE = Automatic;
				CURRENT_PROJECT_VERSION = 1;
				GENERATE_INFOPLIST_FILE = YES;
				IPHONEOS_DEPLOYMENT_TARGET = 15.0;
				LD_RUNPATH_SEARCH_PATHS = (
					"$(inherited)",
					"@executable_path/Frameworks",
					"@loader_path/Frameworks",
				);
				MARKETING_VERSION = 1.0;
				PRODUCT_BUNDLE_IDENTIFIER = danielmilton.com.PreworkTests;
				PRODUCT_NAME = "$(TARGET_NAME)";
				SWIFT_EMIT_LOC_STRINGS = NO;
				SWIFT_VERSION = 5.0;
				TARGETED_DEVICE_FAMILY = "1,2";
				TEST_HOST = "$(BUILT_PRODUCTS_DIR)/Prework.app/Prework";
			};
			name = Release;
		};
		F197C04B2761E93400668977 /* Debug */ = {
			isa = XCBuildConfiguration;
			buildSettings = {
				ALWAYS_EMBED_SWIFT_STANDARD_LIBRARIES = YES;
				CODE_SIGN_STYLE = Automatic;
				CURRENT_PROJECT_VERSION = 1;
				GENERATE_INFOPLIST_FILE = YES;
				LD_RUNPATH_SEARCH_PATHS = (
					"$(inherited)",
					"@executable_path/Frameworks",
					"@loader_path/Frameworks",
				);
				MARKETING_VERSION = 1.0;
				PRODUCT_BUNDLE_IDENTIFIER = danielmilton.com.PreworkUITests;
				PRODUCT_NAME = "$(TARGET_NAME)";
				SWIFT_EMIT_LOC_STRINGS = NO;
				SWIFT_VERSION = 5.0;
				TARGETED_DEVICE_FAMILY = "1,2";
				TEST_TARGET_NAME = Prework;
			};
			name = Debug;
		};
		F197C04C2761E93400668977 /* Release */ = {
			isa = XCBuildConfiguration;
			buildSettings = {
				ALWAYS_EMBED_SWIFT_STANDARD_LIBRARIES = YES;
				CODE_SIGN_STYLE = Automatic;
				CURRENT_PROJECT_VERSION = 1;
				GENERATE_INFOPLIST_FILE = YES;
				LD_RUNPATH_SEARCH_PATHS = (
					"$(inherited)",
					"@executable_path/Frameworks",
					"@loader_path/Frameworks",
				);
				MARKETING_VERSION = 1.0;
				PRODUCT_BUNDLE_IDENTIFIER = danielmilton.com.PreworkUITests;
				PRODUCT_NAME = "$(TARGET_NAME)";
				SWIFT_EMIT_LOC_STRINGS = NO;
				SWIFT_VERSION = 5.0;
				TARGETED_DEVICE_FAMILY = "1,2";
				TEST_TARGET_NAME = Prework;
			};
			name = Release;
		};
/* End XCBuildConfiguration section */

/* Begin XCConfigurationList section */
		F197C0152761E93000668977 /* Build configuration list for PBXProject "Prework" */ = {
			isa = XCConfigurationList;
			buildConfigurations = (
				F197C0422761E93400668977 /* Debug */,
				F197C0432761E93400668977 /* Release */,
			);
			defaultConfigurationIsVisible = 0;
			defaultConfigurationName = Release;
		};
		F197C0442761E93400668977 /* Build configuration list for PBXNativeTarget "Prework" */ = {
			isa = XCConfigurationList;
			buildConfigurations = (
				F197C0452761E93400668977 /* Debug */,
				F197C0462761E93400668977 /* Release */,
			);
			defaultConfigurationIsVisible = 0;
			defaultConfigurationName = Release;
		};
		F197C0472761E93400668977 /* Build configuration list for PBXNativeTarget "PreworkTests" */ = {
			isa = XCConfigurationList;
			buildConfigurations = (
				F197C0482761E93400668977 /* Debug */,
				F197C0492761E93400668977 /* Release */,
			);
			defaultConfigurationIsVisible = 0;
			defaultConfigurationName = Release;
		};
		F197C04A2761E93400668977 /* Build configuration list for PBXNativeTarget "PreworkUITests" */ = {
			isa = XCConfigurationList;
			buildConfigurations = (
				F197C04B2761E93400668977 /* Debug */,
				F197C04C2761E93400668977 /* Release */,
			);
			defaultConfigurationIsVisible = 0;
			defaultConfigurationName = Release;
		};
/* End XCConfigurationList section */
	};
	rootObject = F197C0122761E93000668977 /* Project object */;
}
